
Microsoft Visual Studio Solution File, Format Version 12.00
# Visual Studio Version 17
VisualStudioVersion = 17.5.33516.290
MinimumVisualStudioVersion = 10.0.40219.1
Project("{FAE04EC0-301F-11D3-BF4B-00C04F79EFBC}") = "Myfirstwebapp", "Myfirstwebapp\Myfirstwebapp.csproj", "{4435786E-D5AB-402E-9700-13423328C6C1}"
EndProject
Global
	GlobalSection(SolutionConfigurationPlatforms) = preSolution
		Debug|Any CPU = Debug|Any CPU
		Release|Any CPU = Release|Any CPU
	EndGlobalSection
	GlobalSection(ProjectConfigurationPlatforms) = postSolution
		{4435786E-D5AB-402E-9700-13423328C6C1}.Debug|Any CPU.ActiveCfg = Debug|Any CPU
		{4435786E-D5AB-402E-9700-13423328C6C1}.Debug|Any CPU.Build.0 = Debug|Any CPU
		{4435786E-D5AB-402E-9700-13423328C6C1}.Release|Any CPU.ActiveCfg = Release|Any CPU
		{4435786E-D5AB-402E-9700-13423328C6C1}.Release|Any CPU.Build.0 = Release|Any CPU
	EndGlobalSection
	GlobalSection(SolutionProperties) = preSolution
		HideSolutionNode = FALSE
	EndGlobalSection
	GlobalSection(ExtensibilityGlobals) = postSolution
		SolutionGuid = {8BB119AE-7AC1-4E7E-9150-CC4C7C836BC1}
	EndGlobalSection
EndGlobal
